
Microsoft Visual Studio Solution File, Format Version 12.00
# Visual Studio Version 16
VisualStudioVersion = 16.0.33328.57
MinimumVisualStudioVersion = 10.0.40219.1
Project("{FAE04EC0-301F-11D3-BF4B-00C04F79EFBC}") = "RProducer", "RProducer\RProducer.csproj", "{700CFC89-C6DB-4E78-A761-EAEE9CBEDA64}"
EndProject
Project("{FAE04EC0-301F-11D3-BF4B-00C04F79EFBC}") = "RConsumer", "RConsumer\RConsumer.csproj", "{3C15AA52-7E21-4C8A-95E6-C2F4E075475E}"
EndProject
Global
	GlobalSection(SolutionConfigurationPlatforms) = preSolution
		Debug|Any CPU = Debug|Any CPU
		Release|Any CPU = Release|Any CPU
	EndGlobalSection
	GlobalSection(ProjectConfigurationPlatforms) = postSolution
		{700CFC89-C6DB-4E78-A761-EAEE9CBEDA64}.Debug|Any CPU.ActiveCfg = Debug|Any CPU
		{700CFC89-C6DB-4E78-A761-EAEE9CBEDA64}.Debug|Any CPU.Build.0 = Debug|Any CPU
		{700CFC89-C6DB-4E78-A761-EAEE9CBEDA64}.Release|Any CPU.ActiveCfg = Release|Any CPU
		{700CFC89-C6DB-4E78-A761-EAEE9CBEDA64}.Release|Any CPU.Build.0 = Release|Any CPU
		{3C15AA52-7E21-4C8A-95E6-C2F4E075475E}.Debug|Any CPU.ActiveCfg = Debug|Any CPU
		{3C15AA52-7E21-4C8A-95E6-C2F4E075475E}.Debug|Any CPU.Build.0 = Debug|Any CPU
		{3C15AA52-7E21-4C8A-95E6-C2F4E075475E}.Release|Any CPU.ActiveCfg = Release|Any CPU
		{3C15AA52-7E21-4C8A-95E6-C2F4E075475E}.Release|Any CPU.Build.0 = Release|Any CPU
	EndGlobalSection
	GlobalSection(SolutionProperties) = preSolution
		HideSolutionNode = FALSE
	EndGlobalSection
	GlobalSection(ExtensibilityGlobals) = postSolution
		SolutionGuid = {0538B55D-8792-4431-A6AF-73DCFB460422}
	EndGlobalSection
EndGlobal
